
Microsoft Visual Studio Solution File, Format Version 12.00
# Visual Studio Version 16
VisualStudioVersion = 16.0.31005.135
MinimumVisualStudioVersion = 10.0.40219.1
Project("{FAE04EC0-301F-11D3-BF4B-00C04F79EFBC}") = "Calculator", "Calculator\Calculator.csproj", "{373F8642-A311-48C5-9FA9-736F109C4ECA}"
EndProject
Global
	GlobalSection(SolutionConfigurationPlatforms) = preSolution
		Debug|Any CPU = Debug|Any CPU
		Release|Any CPU = Release|Any CPU
	EndGlobalSection
	GlobalSection(ProjectConfigurationPlatforms) = postSolution
		{373F8642-A311-48C5-9FA9-736F109C4ECA}.Debug|Any CPU.ActiveCfg = Debug|Any CPU
		{373F8642-A311-48C5-9FA9-736F109C4ECA}.Debug|Any CPU.Build.0 = Debug|Any CPU
		{373F8642-A311-48C5-9FA9-736F109C4ECA}.Release|Any CPU.ActiveCfg = Release|Any CPU
		{373F8642-A311-48C5-9FA9-736F109C4ECA}.Release|Any CPU.Build.0 = Release|Any CPU
	EndGlobalSection
	GlobalSection(SolutionProperties) = preSolution
		HideSolutionNode = FALSE
	EndGlobalSection
	GlobalSection(ExtensibilityGlobals) = postSolution
		SolutionGuid = {9702D543-D2B5-4B83-B3C1-73FF14E3EA3B}
	EndGlobalSection
EndGlobal
